
Microsoft Visual Studio Solution File, Format Version 12.00
# Visual Studio Version 17
VisualStudioVersion = 17.0.31903.59
MinimumVisualStudioVersion = 10.0.40219.1
Project("{FAE04EC0-301F-11D3-BF4B-00C04F79EFBC}") = "Ansight.Adb", "src\Ansight.Adb\Ansight.Adb.csproj", "{70FBAC9C-1A2B-4BDF-96DD-A52A0587D5F4}"
EndProject
Project("{FAE04EC0-301F-11D3-BF4B-00C04F79EFBC}") = "Ansight.SimCtl", "src\Ansight.SimCtl\Ansight.SimCtl.csproj", "{6D435A4E-E657-4FB0-BD0B-75B31EC726CA}"
EndProject
Project("{FAE04EC0-301F-11D3-BF4B-00C04F79EFBC}") = "Ansight.Infrastructure", "src\Ansight.Infrastructure\Ansight.Infrastructure.csproj", "{E155232B-0D94-4687-BC5D-466F7C25C718}"
EndProject
Project("{FAE04EC0-301F-11D3-BF4B-00C04F79EFBC}") = "Ansight.Host", "src\Ansight.Host\Ansight.Host.csproj", "{3B713E3F-56BA-4979-A08E-ABD9E9F33D9D}"
EndProject
Project("{FAE04EC0-301F-11D3-BF4B-00C04F79EFBC}") = "Ansight.Host.Tests", "tests\Ansight.Host.Tests\Ansight.Host.Tests.csproj", "{404B5178-FE9D-4193-A7B3-6AE421DBC4D5}"
EndProject
Project("{FAE04EC0-301F-11D3-BF4B-00C04F79EFBC}") = "Ansight.Cli", "src\Ansight.Cli\Ansight.Cli.csproj", "{71C8E81D-C273-4B68-81F6-AE03E20D4770}"
EndProject
Project("{FAE04EC0-301F-11D3-BF4B-00C04F79EFBC}") = "Ansight.Cli.Tests", "tests\Ansight.Cli.Tests\Ansight.Cli.Tests.csproj", "{68C1C47F-D156-47CF-9153-C47E47D32443}"
EndProject
Project("{FAE04EC0-301F-11D3-BF4B-00C04F79EFBC}") = "Ansight.RemoteSimulator.Core", "src\Ansight.RemoteSimulator.Core\Ansight.RemoteSimulator.Core.csproj", "{F6E7396D-38AA-48D5-9E7D-2A85E2B20EE0}"
EndProject
Project("{FAE04EC0-301F-11D3-BF4B-00C04F79EFBC}") = "Ansight.SimulatorRtc.Mac", "src\Ansight.SimulatorRtc.Mac\Ansight.SimulatorRtc.Mac.csproj", "{A849225C-442E-4AF1-881D-859F75A792B7}"
EndProject
Project("{FAE04EC0-301F-11D3-BF4B-00C04F79EFBC}") = "Ansight.MacSimulatorHid", "src\Ansight.MacSimulatorHid\Ansight.MacSimulatorHid.csproj", "{390171B7-791C-4C93-BE42-4CB5312F477D}"
EndProject
Project("{2150E333-8FDC-42A3-9474-1A3956D46DE8}") = "src", "src", "{77C9555A-4E5A-4BFA-A7B7-36E979304D4C}"
EndProject
Project("{2150E333-8FDC-42A3-9474-1A3956D46DE8}") = "tests", "tests", "{E4CB085C-CF48-4744-9771-3224FE799BEA}"
EndProject
Global
	GlobalSection(SolutionConfigurationPlatforms) = preSolution
		Debug|Any CPU = Debug|Any CPU
		Debug|x64 = Debug|x64
		Debug|x86 = Debug|x86
		Release|Any CPU = Release|Any CPU
		Release|x64 = Release|x64
		Release|x86 = Release|x86
	EndGlobalSection
	GlobalSection(ProjectConfigurationPlatforms) = postSolution
		{70FBAC9C-1A2B-4BDF-96DD-A52A0587D5F4}.Debug|Any CPU.ActiveCfg = Debug|Any CPU
		{70FBAC9C-1A2B-4BDF-96DD-A52A0587D5F4}.Debug|Any CPU.Build.0 = Debug|Any CPU
		{70FBAC9C-1A2B-4BDF-96DD-A52A0587D5F4}.Debug|x64.ActiveCfg = Debug|Any CPU
		{70FBAC9C-1A2B-4BDF-96DD-A52A0587D5F4}.Debug|x64.Build.0 = Debug|Any CPU
		{70FBAC9C-1A2B-4BDF-96DD-A52A0587D5F4}.Debug|x86.ActiveCfg = Debug|Any CPU
		{70FBAC9C-1A2B-4BDF-96DD-A52A0587D5F4}.Debug|x86.Build.0 = Debug|Any CPU
		{70FBAC9C-1A2B-4BDF-96DD-A52A0587D5F4}.Release|Any CPU.ActiveCfg = Release|Any CPU
		{70FBAC9C-1A2B-4BDF-96DD-A52A0587D5F4}.Release|Any CPU.Build.0 = Release|Any CPU
		{70FBAC9C-1A2B-4BDF-96DD-A52A0587D5F4}.Release|x64.ActiveCfg = Release|Any CPU
		{70FBAC9C-1A2B-4BDF-96DD-A52A0587D5F4}.Release|x64.Build.0 = Release|Any CPU
		{70FBAC9C-1A2B-4BDF-96DD-A52A0587D5F4}.Release|x86.ActiveCfg = Release|Any CPU
		{70FBAC9C-1A2B-4BDF-96DD-A52A0587D5F4}.Release|x86.Build.0 = Release|Any CPU
		{6D435A4E-E657-4FB0-BD0B-75B31EC726CA}.Debug|Any CPU.ActiveCfg = Debug|Any CPU
		{6D435A4E-E657-4FB0-BD0B-75B31EC726CA}.Debug|Any CPU.Build.0 = Debug|Any CPU
		{6D435A4E-E657-4FB0-BD0B-75B31EC726CA}.Debug|x64.ActiveCfg = Debug|Any CPU
		{6D435A4E-E657-4FB0-BD0B-75B31EC726CA}.Debug|x64.Build.0 = Debug|Any CPU
		{6D435A4E-E657-4FB0-BD0B-75B31EC726CA}.Debug|x86.ActiveCfg = Debug|Any CPU
		{6D435A4E-E657-4FB0-BD0B-75B31EC726CA}.Debug|x86.Build.0 = Debug|Any CPU
		{6D435A4E-E657-4FB0-BD0B-75B31EC726CA}.Release|Any CPU.ActiveCfg = Release|Any CPU
		{6D435A4E-E657-4FB0-BD0B-75B31EC726CA}.Release|Any CPU.Build.0 = Release|Any CPU
		{6D435A4E-E657-4FB0-BD0B-75B31EC726CA}.Release|x64.ActiveCfg = Release|Any CPU
		{6D435A4E-E657-4FB0-BD0B-75B31EC726CA}.Release|x64.Build.0 = Release|Any CPU
		{6D435A4E-E657-4FB0-BD0B-75B31EC726CA}.Release|x86.ActiveCfg = Release|Any CPU
		{6D435A4E-E657-4FB0-BD0B-75B31EC726CA}.Release|x86.Build.0 = Release|Any CPU
		{E155232B-0D94-4687-BC5D-466F7C25C718}.Debug|Any CPU.ActiveCfg = Debug|Any CPU
		{E155232B-0D94-4687-BC5D-466F7C25C718}.Debug|Any CPU.Build.0 = Debug|Any CPU
		{E155232B-0D94-4687-BC5D-466F7C25C718}.Debug|x64.ActiveCfg = Debug|Any CPU
		{E155232B-0D94-4687-BC5D-466F7C25C718}.Debug|x64.Build.0 = Debug|Any CPU
		{E155232B-0D94-4687-BC5D-466F7C25C718}.Debug|x86.ActiveCfg = Debug|Any CPU
		{E155232B-0D94-4687-BC5D-466F7C25C718}.Debug|x86.Build.0 = Debug|Any CPU
		{E155232B-0D94-4687-BC5D-466F7C25C718}.Release|Any CPU.ActiveCfg = Release|Any CPU
		{E155232B-0D94-4687-BC5D-466F7C25C718}.Release|Any CPU.Build.0 = Release|Any CPU
		{E155232B-0D94-4687-BC5D-466F7C25C718}.Release|x64.ActiveCfg = Release|Any CPU
		{E155232B-0D94-4687-BC5D-466F7C25C718}.Release|x64.Build.0 = Release|Any CPU
		{E155232B-0D94-4687-BC5D-466F7C25C718}.Release|x86.ActiveCfg = Release|Any CPU
		{E155232B-0D94-4687-BC5D-466F7C25C718}.Release|x86.Build.0 = Release|Any CPU
		{3B713E3F-56BA-4979-A08E-ABD9E9F33D9D}.Debug|Any CPU.ActiveCfg = Debug|Any CPU
		{3B713E3F-56BA-4979-A08E-ABD9E9F33D9D}.Debug|Any CPU.Build.0 = Debug|Any CPU
		{3B713E3F-56BA-4979-A08E-ABD9E9F33D9D}.Debug|x64.ActiveCfg = Debug|Any CPU
		{3B713E3F-56BA-4979-A08E-ABD9E9F33D9D}.Debug|x64.Build.0 = Debug|Any CPU
		{3B713E3F-56BA-4979-A08E-ABD9E9F33D9D}.Debug|x86.ActiveCfg = Debug|Any CPU
		{3B713E3F-56BA-4979-A08E-ABD9E9F33D9D}.Debug|x86.Build.0 = Debug|Any CPU
		{3B713E3F-56BA-4979-A08E-ABD9E9F33D9D}.Release|Any CPU.ActiveCfg = Release|Any CPU
		{3B713E3F-56BA-4979-A08E-ABD9E9F33D9D}.Release|Any CPU.Build.0 = Release|Any CPU
		{3B713E3F-56BA-4979-A08E-ABD9E9F33D9D}.Release|x64.ActiveCfg = Release|Any CPU
		{3B713E3F-56BA-4979-A08E-ABD9E9F33D9D}.Release|x64.Build.0 = Release|Any CPU
		{3B713E3F-56BA-4979-A08E-ABD9E9F33D9D}.Release|x86.ActiveCfg = Release|Any CPU
		{3B713E3F-56BA-4979-A08E-ABD9E9F33D9D}.Release|x86.Build.0 = Release|Any CPU
		{404B5178-FE9D-4193-A7B3-6AE421DBC4D5}.Debug|Any CPU.ActiveCfg = Debug|Any CPU
		{404B5178-FE9D-4193-A7B3-6AE421DBC4D5}.Debug|Any CPU.Build.0 = Debug|Any CPU
		{404B5178-FE9D-4193-A7B3-6AE421DBC4D5}.Debug|x64.ActiveCfg = Debug|Any CPU
		{404B5178-FE9D-4193-A7B3-6AE421DBC4D5}.Debug|x64.Build.0 = Debug|Any CPU
		{404B5178-FE9D-4193-A7B3-6AE421DBC4D5}.Debug|x86.ActiveCfg = Debug|Any CPU
		{404B5178-FE9D-4193-A7B3-6AE421DBC4D5}.Debug|x86.Build.0 = Debug|Any CPU
		{404B5178-FE9D-4193-A7B3-6AE421DBC4D5}.Release|Any CPU.ActiveCfg = Release|Any CPU
		{404B5178-FE9D-4193-A7B3-6AE421DBC4D5}.Release|Any CPU.Build.0 = Release|Any CPU
		{404B5178-FE9D-4193-A7B3-6AE421DBC4D5}.Release|x64.ActiveCfg = Release|Any CPU
		{404B5178-FE9D-4193-A7B3-6AE421DBC4D5}.Release|x64.Build.0 = Release|Any CPU
		{404B5178-FE9D-4193-A7B3-6AE421DBC4D5}.Release|x86.ActiveCfg = Release|Any CPU
		{404B5178-FE9D-4193-A7B3-6AE421DBC4D5}.Release|x86.Build.0 = Release|Any CPU
		{71C8E81D-C273-4B68-81F6-AE03E20D4770}.Debug|Any CPU.ActiveCfg = Debug|Any CPU
		{71C8E81D-C273-4B68-81F6-AE03E20D4770}.Debug|Any CPU.Build.0 = Debug|Any CPU
		{71C8E81D-C273-4B68-81F6-AE03E20D4770}.Debug|x64.ActiveCfg = Debug|Any CPU
		{71C8E81D-C273-4B68-81F6-AE03E20D4770}.Debug|x64.Build.0 = Debug|Any CPU
		{71C8E81D-C273-4B68-81F6-AE03E20D4770}.Debug|x86.ActiveCfg = Debug|Any CPU
		{71C8E81D-C273-4B68-81F6-AE03E20D4770}.Debug|x86.Build.0 = Debug|Any CPU
		{71C8E81D-C273-4B68-81F6-AE03E20D4770}.Release|Any CPU.ActiveCfg = Release|Any CPU
		{71C8E81D-C273-4B68-81F6-AE03E20D4770}.Release|Any CPU.Build.0 = Release|Any CPU
		{71C8E81D-C273-4B68-81F6-AE03E20D4770}.Release|x64.ActiveCfg = Release|Any CPU
		{71C8E81D-C273-4B68-81F6-AE03E20D4770}.Release|x64.Build.0 = Release|Any CPU
		{71C8E81D-C273-4B68-81F6-AE03E20D4770}.Release|x86.ActiveCfg = Release|Any CPU
		{71C8E81D-C273-4B68-81F6-AE03E20D4770}.Release|x86.Build.0 = Release|Any CPU
		{68C1C47F-D156-47CF-9153-C47E47D32443}.Debug|Any CPU.ActiveCfg = Debug|Any CPU
		{68C1C47F-D156-47CF-9153-C47E47D32443}.Debug|Any CPU.Build.0 = Debug|Any CPU
		{68C1C47F-D156-47CF-9153-C47E47D32443}.Debug|x64.ActiveCfg = Debug|Any CPU
		{68C1C47F-D156-47CF-9153-C47E47D32443}.Debug|x64.Build.0 = Debug|Any CPU
		{68C1C47F-D156-47CF-9153-C47E47D32443}.Debug|x86.ActiveCfg = Debug|Any CPU
		{68C1C47F-D156-47CF-9153-C47E47D32443}.Debug|x86.Build.0 = Debug|Any CPU
		{68C1C47F-D156-47CF-9153-C47E47D32443}.Release|Any CPU.ActiveCfg = Release|Any CPU
		{68C1C47F-D156-47CF-9153-C47E47D32443}.Release|Any CPU.Build.0 = Release|Any CPU
		{68C1C47F-D156-47CF-9153-C47E47D32443}.Release|x64.ActiveCfg = Release|Any CPU
		{68C1C47F-D156-47CF-9153-C47E47D32443}.Release|x64.Build.0 = Release|Any CPU
		{68C1C47F-D156-47CF-9153-C47E47D32443}.Release|x86.ActiveCfg = Release|Any CPU
		{68C1C47F-D156-47CF-9153-C47E47D32443}.Release|x86.Build.0 = Release|Any CPU
		{F6E7396D-38AA-48D5-9E7D-2A85E2B20EE0}.Debug|Any CPU.ActiveCfg = Debug|Any CPU
		{F6E7396D-38AA-48D5-9E7D-2A85E2B20EE0}.Debug|Any CPU.Build.0 = Debug|Any CPU
		{F6E7396D-38AA-48D5-9E7D-2A85E2B20EE0}.Debug|x64.ActiveCfg = Debug|Any CPU
		{F6E7396D-38AA-48D5-9E7D-2A85E2B20EE0}.Debug|x64.Build.0 = Debug|Any CPU
		{F6E7396D-38AA-48D5-9E7D-2A85E2B20EE0}.Debug|x86.ActiveCfg = Debug|Any CPU
		{F6E7396D-38AA-48D5-9E7D-2A85E2B20EE0}.Debug|x86.Build.0 = Debug|Any CPU
		{F6E7396D-38AA-48D5-9E7D-2A85E2B20EE0}.Release|Any CPU.ActiveCfg = Release|Any CPU
		{F6E7396D-38AA-48D5-9E7D-2A85E2B20EE0}.Release|Any CPU.Build.0 = Release|Any CPU
		{F6E7396D-38AA-48D5-9E7D-2A85E2B20EE0}.Release|x64.ActiveCfg = Release|Any CPU
		{F6E7396D-38AA-48D5-9E7D-2A85E2B20EE0}.Release|x64.Build.0 = Release|Any CPU
		{F6E7396D-38AA-48D5-9E7D-2A85E2B20EE0}.Release|x86.ActiveCfg = Release|Any CPU
		{F6E7396D-38AA-48D5-9E7D-2A85E2B20EE0}.Release|x86.Build.0 = Release|Any CPU
		{A849225C-442E-4AF1-881D-859F75A792B7}.Debug|Any CPU.ActiveCfg = Debug|Any CPU
		{A849225C-442E-4AF1-881D-859F75A792B7}.Debug|Any CPU.Build.0 = Debug|Any CPU
		{A849225C-442E-4AF1-881D-859F75A792B7}.Debug|x64.ActiveCfg = Debug|Any CPU
		{A849225C-442E-4AF1-881D-859F75A792B7}.Debug|x64.Build.0 = Debug|Any CPU
		{A849225C-442E-4AF1-881D-859F75A792B7}.Debug|x86.ActiveCfg = Debug|Any CPU
		{A849225C-442E-4AF1-881D-859F75A792B7}.Debug|x86.Build.0 = Debug|Any CPU
		{A849225C-442E-4AF1-881D-859F75A792B7}.Release|Any CPU.ActiveCfg = Release|Any CPU
		{A849225C-442E-4AF1-881D-859F75A792B7}.Release|Any CPU.Build.0 = Release|Any CPU
		{A849225C-442E-4AF1-881D-859F75A792B7}.Release|x64.ActiveCfg = Release|Any CPU
		{A849225C-442E-4AF1-881D-859F75A792B7}.Release|x64.Build.0 = Release|Any CPU
		{A849225C-442E-4AF1-881D-859F75A792B7}.Release|x86.ActiveCfg = Release|Any CPU
		{A849225C-442E-4AF1-881D-859F75A792B7}.Release|x86.Build.0 = Release|Any CPU
		{390171B7-791C-4C93-BE42-4CB5312F477D}.Debug|Any CPU.ActiveCfg = Debug|Any CPU
		{390171B7-791C-4C93-BE42-4CB5312F477D}.Debug|Any CPU.Build.0 = Debug|Any CPU
		{390171B7-791C-4C93-BE42-4CB5312F477D}.Debug|x64.ActiveCfg = Debug|Any CPU
		{390171B7-791C-4C93-BE42-4CB5312F477D}.Debug|x64.Build.0 = Debug|Any CPU
		{390171B7-791C-4C93-BE42-4CB5312F477D}.Debug|x86.ActiveCfg = Debug|Any CPU
		{390171B7-791C-4C93-BE42-4CB5312F477D}.Debug|x86.Build.0 = Debug|Any CPU
		{390171B7-791C-4C93-BE42-4CB5312F477D}.Release|Any CPU.ActiveCfg = Release|Any CPU
		{390171B7-791C-4C93-BE42-4CB5312F477D}.Release|Any CPU.Build.0 = Release|Any CPU
		{390171B7-791C-4C93-BE42-4CB5312F477D}.Release|x64.ActiveCfg = Release|Any CPU
		{390171B7-791C-4C93-BE42-4CB5312F477D}.Release|x64.Build.0 = Release|Any CPU
		{390171B7-791C-4C93-BE42-4CB5312F477D}.Release|x86.ActiveCfg = Release|Any CPU
		{390171B7-791C-4C93-BE42-4CB5312F477D}.Release|x86.Build.0 = Release|Any CPU
	EndGlobalSection
	GlobalSection(SolutionProperties) = preSolution
		HideSolutionNode = FALSE
	EndGlobalSection
	GlobalSection(NestedProjects) = preSolution
		{70FBAC9C-1A2B-4BDF-96DD-A52A0587D5F4} = {77C9555A-4E5A-4BFA-A7B7-36E979304D4C}
		{71C8E81D-C273-4B68-81F6-AE03E20D4770} = {77C9555A-4E5A-4BFA-A7B7-36E979304D4C}
		{68C1C47F-D156-47CF-9153-C47E47D32443} = {E4CB085C-CF48-4744-9771-3224FE799BEA}
		{3B713E3F-56BA-4979-A08E-ABD9E9F33D9D} = {77C9555A-4E5A-4BFA-A7B7-36E979304D4C}
		{404B5178-FE9D-4193-A7B3-6AE421DBC4D5} = {E4CB085C-CF48-4744-9771-3224FE799BEA}
		{E155232B-0D94-4687-BC5D-466F7C25C718} = {77C9555A-4E5A-4BFA-A7B7-36E979304D4C}
		{390171B7-791C-4C93-BE42-4CB5312F477D} = {77C9555A-4E5A-4BFA-A7B7-36E979304D4C}
		{F6E7396D-38AA-48D5-9E7D-2A85E2B20EE0} = {77C9555A-4E5A-4BFA-A7B7-36E979304D4C}
		{6D435A4E-E657-4FB0-BD0B-75B31EC726CA} = {77C9555A-4E5A-4BFA-A7B7-36E979304D4C}
		{A849225C-442E-4AF1-881D-859F75A792B7} = {77C9555A-4E5A-4BFA-A7B7-36E979304D4C}
	EndGlobalSection
EndGlobal
